
Microsoft Visual Studio Solution File, Format Version 12.00
# Visual Studio Version 17
VisualStudioVersion = 17.4.33205.214
MinimumVisualStudioVersion = 10.0.40219.1
Project("{9A19103F-16F7-4668-BE54-9A1E7A4F7556}") = "ConsoleApp1", "ConsoleApp1\ConsoleApp1.csproj", "{E3C0C9C1-8A7E-408A-A6DD-9CA79F0B513E}"
EndProject
Project("{9A19103F-16F7-4668-BE54-9A1E7A4F7556}") = "BRE", "BRE\BRE.csproj", "{8D4BCE71-7898-4585-9391-AA80070FBDD7}"
EndProject
Project("{FAE04EC0-301F-11D3-BF4B-00C04F79EFBC}") = "BRE.Tests.Samples", "BRE.Tests.Samples\BRE.Tests.Samples.csproj", "{F36EBF2F-DBAE-4306-A135-E97CCF667DED}"
EndProject
Global
	GlobalSection(SolutionConfigurationPlatforms) = preSolution
		Debug|Any CPU = Debug|Any CPU
		Release|Any CPU = Release|Any CPU
	EndGlobalSection
	GlobalSection(ProjectConfigurationPlatforms) = postSolution
		{E3C0C9C1-8A7E-408A-A6DD-9CA79F0B513E}.Debug|Any CPU.ActiveCfg = Debug|Any CPU
		{E3C0C9C1-8A7E-408A-A6DD-9CA79F0B513E}.Debug|Any CPU.Build.0 = Debug|Any CPU
		{E3C0C9C1-8A7E-408A-A6DD-9CA79F0B513E}.Release|Any CPU.ActiveCfg = Release|Any CPU
		{E3C0C9C1-8A7E-408A-A6DD-9CA79F0B513E}.Release|Any CPU.Build.0 = Release|Any CPU
		{8D4BCE71-7898-4585-9391-AA80070FBDD7}.Debug|Any CPU.ActiveCfg = Debug|Any CPU
		{8D4BCE71-7898-4585-9391-AA80070FBDD7}.Debug|Any CPU.Build.0 = Debug|Any CPU
		{8D4BCE71-7898-4585-9391-AA80070FBDD7}.Release|Any CPU.ActiveCfg = Release|Any CPU
		{8D4BCE71-7898-4585-9391-AA80070FBDD7}.Release|Any CPU.Build.0 = Release|Any CPU
		{F36EBF2F-DBAE-4306-A135-E97CCF667DED}.Debug|Any CPU.ActiveCfg = Debug|Any CPU
		{F36EBF2F-DBAE-4306-A135-E97CCF667DED}.Debug|Any CPU.Build.0 = Debug|Any CPU
		{F36EBF2F-DBAE-4306-A135-E97CCF667DED}.Release|Any CPU.ActiveCfg = Release|Any CPU
		{F36EBF2F-DBAE-4306-A135-E97CCF667DED}.Release|Any CPU.Build.0 = Release|Any CPU
	EndGlobalSection
	GlobalSection(SolutionProperties) = preSolution
		HideSolutionNode = FALSE
	EndGlobalSection
	GlobalSection(ExtensibilityGlobals) = postSolution
		SolutionGuid = {FBDF4DF5-C82D-4983-9689-061C9D0B070C}
	EndGlobalSection
EndGlobal
